
Microsoft Visual Studio Solution File, Format Version 12.00
# Visual Studio 15
VisualStudioVersion = 15.0.26430.6
MinimumVisualStudioVersion = 10.0.40219.1
Project("{D954291E-2A0B-460D-934E-DC6B0785DB48}") = "XConceptOne3", "XConceptOne3\XConceptOne3\XConceptOne3.shproj", "{588CF3BC-B4AB-44E0-8B0F-FA9706E70342}"
EndProject
Project("{FAE04EC0-301F-11D3-BF4B-00C04F79EFBC}") = "XConceptOne3.Android", "XConceptOne3\XConceptOne3.Android\XConceptOne3.Android.csproj", "{CF0E3FBD-A387-4DB4-930C-24CD92D852A2}"
EndProject
Project("{FAE04EC0-301F-11D3-BF4B-00C04F79EFBC}") = "XConceptOne3.iOS", "XConceptOne3\XConceptOne3.iOS\XConceptOne3.iOS.csproj", "{D151AA83-14A8-4C82-B4BE-0977A7056C92}"
EndProject
Project("{FAE04EC0-301F-11D3-BF4B-00C04F79EFBC}") = "XConceptOne3.UWP", "XConceptOne3\XConceptOne3.UWP\XConceptOne3.UWP.csproj", "{82D5865F-2116-471F-AFEC-1E3871BD9D6E}"
EndProject
Global
	GlobalSection(SharedMSBuildProjectFiles) = preSolution
		XConceptOne3\XConceptOne3\XConceptOne3.projitems*{588cf3bc-b4ab-44e0-8b0f-fa9706e70342}*SharedItemsImports = 13
		XConceptOne3\XConceptOne3\XConceptOne3.projitems*{82d5865f-2116-471f-afec-1e3871bd9d6e}*SharedItemsImports = 4
		XConceptOne3\XConceptOne3\XConceptOne3.projitems*{cf0e3fbd-a387-4db4-930c-24cd92d852a2}*SharedItemsImports = 4
		XConceptOne3\XConceptOne3\XConceptOne3.projitems*{d151aa83-14a8-4c82-b4be-0977a7056c92}*SharedItemsImports = 4
	EndGlobalSection
	GlobalSection(SolutionConfigurationPlatforms) = preSolution
		Ad-Hoc|Any CPU = Ad-Hoc|Any CPU
		Ad-Hoc|ARM = Ad-Hoc|ARM
		Ad-Hoc|iPhone = Ad-Hoc|iPhone
		Ad-Hoc|iPhoneSimulator = Ad-Hoc|iPhoneSimulator
		Ad-Hoc|x64 = Ad-Hoc|x64
		Ad-Hoc|x86 = Ad-Hoc|x86
		AppStore|Any CPU = AppStore|Any CPU
		AppStore|ARM = AppStore|ARM
		AppStore|iPhone = AppStore|iPhone
		AppStore|iPhoneSimulator = AppStore|iPhoneSimulator
		AppStore|x64 = AppStore|x64
		AppStore|x86 = AppStore|x86
		Debug|Any CPU = Debug|Any CPU
		Debug|ARM = Debug|ARM
		Debug|iPhone = Debug|iPhone
		Debug|iPhoneSimulator = Debug|iPhoneSimulator
		Debug|x64 = Debug|x64
		Debug|x86 = Debug|x86
		Release|Any CPU = Release|Any CPU
		Release|ARM = Release|ARM
		Release|iPhone = Release|iPhone
		Release|iPhoneSimulator = Release|iPhoneSimulator
		Release|x64 = Release|x64
		Release|x86 = Release|x86
	EndGlobalSection
	GlobalSection(ProjectConfigurationPlatforms) = postSolution
		{CF0E3FBD-A387-4DB4-930C-24CD92D852A2}.Ad-Hoc|Any CPU.ActiveCfg = Release|Any CPU
		{CF0E3FBD-A387-4DB4-930C-24CD92D852A2}.Ad-Hoc|Any CPU.Build.0 = Release|Any CPU
		{CF0E3FBD-A387-4DB4-930C-24CD92D852A2}.Ad-Hoc|Any CPU.Deploy.0 = Release|Any CPU
		{CF0E3FBD-A387-4DB4-930C-24CD92D852A2}.Ad-Hoc|ARM.ActiveCfg = Release|Any CPU
		{CF0E3FBD-A387-4DB4-930C-24CD92D852A2}.Ad-Hoc|ARM.Build.0 = Release|Any CPU
		{CF0E3FBD-A387-4DB4-930C-24CD92D852A2}.Ad-Hoc|ARM.Deploy.0 = Release|Any CPU
		{CF0E3FBD-A387-4DB4-930C-24CD92D852A2}.Ad-Hoc|iPhone.ActiveCfg = Release|Any CPU
		{CF0E3FBD-A387-4DB4-930C-24CD92D852A2}.Ad-Hoc|iPhone.Build.0 = Release|Any CPU
		{CF0E3FBD-A387-4DB4-930C-24CD92D852A2}.Ad-Hoc|iPhone.Deploy.0 = Release|Any CPU
		{CF0E3FBD-A387-4DB4-930C-24CD92D852A2}.Ad-Hoc|iPhoneSimulator.ActiveCfg = Release|Any CPU
		{CF0E3FBD-A387-4DB4-930C-24CD92D852A2}.Ad-Hoc|iPhoneSimulator.Build.0 = Release|Any CPU
		{CF0E3FBD-A387-4DB4-930C-24CD92D852A2}.Ad-Hoc|iPhoneSimulator.Deploy.0 = Release|Any CPU
		{CF0E3FBD-A387-4DB4-930C-24CD92D852A2}.Ad-Hoc|x64.ActiveCfg = Release|Any CPU
		{CF0E3FBD-A387-4DB4-930C-24CD92D852A2}.Ad-Hoc|x64.Build.0 = Release|Any CPU
		{CF0E3FBD-A387-4DB4-930C-24CD92D852A2}.Ad-Hoc|x64.Deploy.0 = Release|Any CPU
		{CF0E3FBD-A387-4DB4-930C-24CD92D852A2}.Ad-Hoc|x86.ActiveCfg = Release|Any CPU
		{CF0E3FBD-A387-4DB4-930C-24CD92D852A2}.Ad-Hoc|x86.Build.0 = Release|Any CPU
		{CF0E3FBD-A387-4DB4-930C-24CD92D852A2}.Ad-Hoc|x86.Deploy.0 = Release|Any CPU
		{CF0E3FBD-A387-4DB4-930C-24CD92D852A2}.AppStore|Any CPU.ActiveCfg = Release|Any CPU
		{CF0E3FBD-A387-4DB4-930C-24CD92D852A2}.AppStore|Any CPU.Build.0 = Release|Any CPU
		{CF0E3FBD-A387-4DB4-930C-24CD92D852A2}.AppStore|Any CPU.Deploy.0 = Release|Any CPU
		{CF0E3FBD-A387-4DB4-930C-24CD92D852A2}.AppStore|ARM.ActiveCfg = Release|Any CPU
		{CF0E3FBD-A387-4DB4-930C-24CD92D852A2}.AppStore|ARM.Build.0 = Release|Any CPU
		{CF0E3FBD-A387-4DB4-930C-24CD92D852A2}.AppStore|ARM.Deploy.0 = Release|Any CPU
		{CF0E3FBD-A387-4DB4-930C-24CD92D852A2}.AppStore|iPhone.ActiveCfg = Release|Any CPU
		{CF0E3FBD-A387-4DB4-930C-24CD92D852A2}.AppStore|iPhone.Build.0 = Release|Any CPU
		{CF0E3FBD-A387-4DB4-930C-24CD92D852A2}.AppStore|iPhone.Deploy.0 = Release|Any CPU
		{CF0E3FBD-A387-4DB4-930C-24CD92D852A2}.AppStore|iPhoneSimulator.ActiveCfg = Release|Any CPU
		{CF0E3FBD-A387-4DB4-930C-24CD92D852A2}.AppStore|iPhoneSimulator.Build.0 = Release|Any CPU
		{CF0E3FBD-A387-4DB4-930C-24CD92D852A2}.AppStore|iPhoneSimulator.Deploy.0 = Release|Any CPU
		{CF0E3FBD-A387-4DB4-930C-24CD92D852A2}.AppStore|x64.ActiveCfg = Release|Any CPU
		{CF0E3FBD-A387-4DB4-930C-24CD92D852A2}.AppStore|x64.Build.0 = Release|Any CPU
		{CF0E3FBD-A387-4DB4-930C-24CD92D852A2}.AppStore|x64.Deploy.0 = Release|Any CPU
		{CF0E3FBD-A387-4DB4-930C-24CD92D852A2}.AppStore|x86.ActiveCfg = Release|Any CPU
		{CF0E3FBD-A387-4DB4-930C-24CD92D852A2}.AppStore|x86.Build.0 = Release|Any CPU
		{CF0E3FBD-A387-4DB4-930C-24CD92D852A2}.AppStore|x86.Deploy.0 = Release|Any CPU
		{CF0E3FBD-A387-4DB4-930C-24CD92D852A2}.Debug|Any CPU.ActiveCfg = Debug|Any CPU
		{CF0E3FBD-A387-4DB4-930C-24CD92D852A2}.Debug|Any CPU.Build.0 = Debug|Any CPU
		{CF0E3FBD-A387-4DB4-930C-24CD92D852A2}.Debug|Any CPU.Deploy.0 = Debug|Any CPU
		{CF0E3FBD-A387-4DB4-930C-24CD92D852A2}.Debug|ARM.ActiveCfg = Debug|Any CPU
		{CF0E3FBD-A387-4DB4-930C-24CD92D852A2}.Debug|ARM.Build.0 = Debug|Any CPU
		{CF0E3FBD-A387-4DB4-930C-24CD92D852A2}.Debug|ARM.Deploy.0 = Debug|Any CPU
		{CF0E3FBD-A387-4DB4-930C-24CD92D852A2}.Debug|iPhone.ActiveCfg = Debug|Any CPU
		{CF0E3FBD-A387-4DB4-930C-24CD92D852A2}.Debug|iPhone.Build.0 = Debug|Any CPU
		{CF0E3FBD-A387-4DB4-930C-24CD92D852A2}.Debug|iPhone.Deploy.0 = Debug|Any CPU
		{CF0E3FBD-A387-4DB4-930C-24CD92D852A2}.Debug|iPhoneSimulator.ActiveCfg = Debug|Any CPU
		{CF0E3FBD-A387-4DB4-930C-24CD92D852A2}.Debug|iPhoneSimulator.Build.0 = Debug|Any CPU
		{CF0E3FBD-A387-4DB4-930C-24CD92D852A2}.Debug|iPhoneSimulator.Deploy.0 = Debug|Any CPU
		{CF0E3FBD-A387-4DB4-930C-24CD92D852A2}.Debug|x64.ActiveCfg = Debug|Any CPU
		{CF0E3FBD-A387-4DB4-930C-24CD92D852A2}.Debug|x64.Build.0 = Debug|Any CPU
		{CF0E3FBD-A387-4DB4-930C-24CD92D852A2}.Debug|x64.Deploy.0 = Debug|Any CPU
		{CF0E3FBD-A387-4DB4-930C-24CD92D852A2}.Debug|x86.ActiveCfg = Debug|Any CPU
		{CF0E3FBD-A387-4DB4-930C-24CD92D852A2}.Debug|x86.Build.0 = Debug|Any CPU
		{CF0E3FBD-A387-4DB4-930C-24CD92D852A2}.Debug|x86.Deploy.0 = Debug|Any CPU
		{CF0E3FBD-A387-4DB4-930C-24CD92D852A2}.Release|Any CPU.ActiveCfg = Release|Any CPU
		{CF0E3FBD-A387-4DB4-930C-24CD92D852A2}.Release|Any CPU.Build.0 = Release|Any CPU
		{CF0E3FBD-A387-4DB4-930C-24CD92D852A2}.Release|Any CPU.Deploy.0 = Release|Any CPU
		{CF0E3FBD-A387-4DB4-930C-24CD92D852A2}.Release|ARM.ActiveCfg = Release|Any CPU
		{CF0E3FBD-A387-4DB4-930C-24CD92D852A2}.Release|ARM.Build.0 = Release|Any CPU
		{CF0E3FBD-A387-4DB4-930C-24CD92D852A2}.Release|ARM.Deploy.0 = Release|Any CPU
		{CF0E3FBD-A387-4DB4-930C-24CD92D852A2}.Release|iPhone.ActiveCfg = Release|Any CPU
		{CF0E3FBD-A387-4DB4-930C-24CD92D852A2}.Release|iPhone.Build.0 = Release|Any CPU
		{CF0E3FBD-A387-4DB4-930C-24CD92D852A2}.Release|iPhone.Deploy.0 = Release|Any CPU
		{CF0E3FBD-A387-4DB4-930C-24CD92D852A2}.Release|iPhoneSimulator.ActiveCfg = Release|Any CPU
		{CF0E3FBD-A387-4DB4-930C-24CD92D852A2}.Release|iPhoneSimulator.Build.0 = Release|Any CPU
		{CF0E3FBD-A387-4DB4-930C-24CD92D852A2}.Release|iPhoneSimulator.Deploy.0 = Release|Any CPU
		{CF0E3FBD-A387-4DB4-930C-24CD92D852A2}.Release|x64.ActiveCfg = Release|Any CPU
		{CF0E3FBD-A387-4DB4-930C-24CD92D852A2}.Release|x64.Build.0 = Release|Any CPU
		{CF0E3FBD-A387-4DB4-930C-24CD92D852A2}.Release|x64.Deploy.0 = Release|Any CPU
		{CF0E3FBD-A387-4DB4-930C-24CD92D852A2}.Release|x86.ActiveCfg = Release|Any CPU
		{CF0E3FBD-A387-4DB4-930C-24CD92D852A2}.Release|x86.Build.0 = Release|Any CPU
		{CF0E3FBD-A387-4DB4-930C-24CD92D852A2}.Release|x86.Deploy.0 = Release|Any CPU
		{D151AA83-14A8-4C82-B4BE-0977A7056C92}.Ad-Hoc|Any CPU.ActiveCfg = Ad-Hoc|iPhone
		{D151AA83-14A8-4C82-B4BE-0977A7056C92}.Ad-Hoc|ARM.ActiveCfg = Ad-Hoc|iPhone
		{D151AA83-14A8-4C82-B4BE-0977A7056C92}.Ad-Hoc|iPhone.ActiveCfg = Ad-Hoc|iPhone
		{D151AA83-14A8-4C82-B4BE-0977A7056C92}.Ad-Hoc|iPhone.Build.0 = Ad-Hoc|iPhone
		{D151AA83-14A8-4C82-B4BE-0977A7056C92}.Ad-Hoc|iPhoneSimulator.ActiveCfg = Ad-Hoc|iPhoneSimulator
		{D151AA83-14A8-4C82-B4BE-0977A7056C92}.Ad-Hoc|iPhoneSimulator.Build.0 = Ad-Hoc|iPhoneSimulator
		{D151AA83-14A8-4C82-B4BE-0977A7056C92}.Ad-Hoc|x64.ActiveCfg = Ad-Hoc|iPhone
		{D151AA83-14A8-4C82-B4BE-0977A7056C92}.Ad-Hoc|x86.ActiveCfg = Ad-Hoc|iPhone
		{D151AA83-14A8-4C82-B4BE-0977A7056C92}.AppStore|Any CPU.ActiveCfg = AppStore|iPhone
		{D151AA83-14A8-4C82-B4BE-0977A7056C92}.AppStore|ARM.ActiveCfg = AppStore|iPhone
		{D151AA83-14A8-4C82-B4BE-0977A7056C92}.AppStore|iPhone.ActiveCfg = AppStore|iPhone
		{D151AA83-14A8-4C82-B4BE-0977A7056C92}.AppStore|iPhone.Build.0 = AppStore|iPhone
		{D151AA83-14A8-4C82-B4BE-0977A7056C92}.AppStore|iPhoneSimulator.ActiveCfg = AppStore|iPhoneSimulator
		{D151AA83-14A8-4C82-B4BE-0977A7056C92}.AppStore|iPhoneSimulator.Build.0 = AppStore|iPhoneSimulator
		{D151AA83-14A8-4C82-B4BE-0977A7056C92}.AppStore|x64.ActiveCfg = AppStore|iPhone
		{D151AA83-14A8-4C82-B4BE-0977A7056C92}.AppStore|x86.ActiveCfg = AppStore|iPhone
		{D151AA83-14A8-4C82-B4BE-0977A7056C92}.Debug|Any CPU.ActiveCfg = Debug|iPhone
		{D151AA83-14A8-4C82-B4BE-0977A7056C92}.Debug|Any CPU.Build.0 = Debug|iPhone
		{D151AA83-14A8-4C82-B4BE-0977A7056C92}.Debug|Any CPU.Deploy.0 = Debug|iPhone
		{D151AA83-14A8-4C82-B4BE-0977A7056C92}.Debug|ARM.ActiveCfg = Debug|iPhone
		{D151AA83-14A8-4C82-B4BE-0977A7056C92}.Debug|iPhone.ActiveCfg = Debug|iPhone
		{D151AA83-14A8-4C82-B4BE-0977A7056C92}.Debug|iPhone.Build.0 = Debug|iPhone
		{D151AA83-14A8-4C82-B4BE-0977A7056C92}.Debug|iPhoneSimulator.ActiveCfg = Debug|iPhoneSimulator
		{D151AA83-14A8-4C82-B4BE-0977A7056C92}.Debug|iPhoneSimulator.Build.0 = Debug|iPhoneSimulator
		{D151AA83-14A8-4C82-B4BE-0977A7056C92}.Debug|x64.ActiveCfg = Debug|iPhone
		{D151AA83-14A8-4C82-B4BE-0977A7056C92}.Debug|x86.ActiveCfg = Debug|iPhone
		{D151AA83-14A8-4C82-B4BE-0977A7056C92}.Release|Any CPU.ActiveCfg = Release|iPhone
		{D151AA83-14A8-4C82-B4BE-0977A7056C92}.Release|ARM.ActiveCfg = Release|iPhone
		{D151AA83-14A8-4C82-B4BE-0977A7056C92}.Release|iPhone.ActiveCfg = Release|iPhone
		{D151AA83-14A8-4C82-B4BE-0977A7056C92}.Release|iPhone.Build.0 = Release|iPhone
		{D151AA83-14A8-4C82-B4BE-0977A7056C92}.Release|iPhoneSimulator.ActiveCfg = Release|iPhoneSimulator
		{D151AA83-14A8-4C82-B4BE-0977A7056C92}.Release|iPhoneSimulator.Build.0 = Release|iPhoneSimulator
		{D151AA83-14A8-4C82-B4BE-0977A7056C92}.Release|x64.ActiveCfg = Release|iPhone
		{D151AA83-14A8-4C82-B4BE-0977A7056C92}.Release|x86.ActiveCfg = Release|iPhone
		{82D5865F-2116-471F-AFEC-1E3871BD9D6E}.Ad-Hoc|Any CPU.ActiveCfg = Release|x86
		{82D5865F-2116-471F-AFEC-1E3871BD9D6E}.Ad-Hoc|Any CPU.Build.0 = Release|x86
		{82D5865F-2116-471F-AFEC-1E3871BD9D6E}.Ad-Hoc|Any CPU.Deploy.0 = Release|x86
		{82D5865F-2116-471F-AFEC-1E3871BD9D6E}.Ad-Hoc|ARM.ActiveCfg = Release|ARM
		{82D5865F-2116-471F-AFEC-1E3871BD9D6E}.Ad-Hoc|ARM.Build.0 = Release|ARM
		{82D5865F-2116-471F-AFEC-1E3871BD9D6E}.Ad-Hoc|ARM.Deploy.0 = Release|ARM
		{82D5865F-2116-471F-AFEC-1E3871BD9D6E}.Ad-Hoc|iPhone.ActiveCfg = Release|x86
		{82D5865F-2116-471F-AFEC-1E3871BD9D6E}.Ad-Hoc|iPhone.Build.0 = Release|x86
		{82D5865F-2116-471F-AFEC-1E3871BD9D6E}.Ad-Hoc|iPhone.Deploy.0 = Release|x86
		{82D5865F-2116-471F-AFEC-1E3871BD9D6E}.Ad-Hoc|iPhoneSimulator.ActiveCfg = Release|x86
		{82D5865F-2116-471F-AFEC-1E3871BD9D6E}.Ad-Hoc|iPhoneSimulator.Build.0 = Release|x86
		{82D5865F-2116-471F-AFEC-1E3871BD9D6E}.Ad-Hoc|iPhoneSimulator.Deploy.0 = Release|x86
		{82D5865F-2116-471F-AFEC-1E3871BD9D6E}.Ad-Hoc|x64.ActiveCfg = Release|x64
		{82D5865F-2116-471F-AFEC-1E3871BD9D6E}.Ad-Hoc|x64.Build.0 = Release|x64
		{82D5865F-2116-471F-AFEC-1E3871BD9D6E}.Ad-Hoc|x64.Deploy.0 = Release|x64
		{82D5865F-2116-471F-AFEC-1E3871BD9D6E}.Ad-Hoc|x86.ActiveCfg = Release|x86
		{82D5865F-2116-471F-AFEC-1E3871BD9D6E}.Ad-Hoc|x86.Build.0 = Release|x86
		{82D5865F-2116-471F-AFEC-1E3871BD9D6E}.Ad-Hoc|x86.Deploy.0 = Release|x86
		{82D5865F-2116-471F-AFEC-1E3871BD9D6E}.AppStore|Any CPU.ActiveCfg = Release|x86
		{82D5865F-2116-471F-AFEC-1E3871BD9D6E}.AppStore|Any CPU.Build.0 = Release|x86
		{82D5865F-2116-471F-AFEC-1E3871BD9D6E}.AppStore|Any CPU.Deploy.0 = Release|x86
		{82D5865F-2116-471F-AFEC-1E3871BD9D6E}.AppStore|ARM.ActiveCfg = Release|ARM
		{82D5865F-2116-471F-AFEC-1E3871BD9D6E}.AppStore|ARM.Build.0 = Release|ARM
		{82D5865F-2116-471F-AFEC-1E3871BD9D6E}.AppStore|ARM.Deploy.0 = Release|ARM
		{82D5865F-2116-471F-AFEC-1E3871BD9D6E}.AppStore|iPhone.ActiveCfg = Release|x86
		{82D5865F-2116-471F-AFEC-1E3871BD9D6E}.AppStore|iPhone.Build.0 = Release|x86
		{82D5865F-2116-471F-AFEC-1E3871BD9D6E}.AppStore|iPhone.Deploy.0 = Release|x86
		{82D5865F-2116-471F-AFEC-1E3871BD9D6E}.AppStore|iPhoneSimulator.ActiveCfg = Release|x86
		{82D5865F-2116-471F-AFEC-1E3871BD9D6E}.AppStore|iPhoneSimulator.Build.0 = Release|x86
		{82D5865F-2116-471F-AFEC-1E3871BD9D6E}.AppStore|iPhoneSimulator.Deploy.0 = Release|x86
		{82D5865F-2116-471F-AFEC-1E3871BD9D6E}.AppStore|x64.ActiveCfg = Release|x64
		{82D5865F-2116-471F-AFEC-1E3871BD9D6E}.AppStore|x64.Build.0 = Release|x64
		{82D5865F-2116-471F-AFEC-1E3871BD9D6E}.AppStore|x64.Deploy.0 = Release|x64
		{82D5865F-2116-471F-AFEC-1E3871BD9D6E}.AppStore|x86.ActiveCfg = Release|x86
		{82D5865F-2116-471F-AFEC-1E3871BD9D6E}.AppStore|x86.Build.0 = Release|x86
		{82D5865F-2116-471F-AFEC-1E3871BD9D6E}.AppStore|x86.Deploy.0 = Release|x86
		{82D5865F-2116-471F-AFEC-1E3871BD9D6E}.Debug|Any CPU.ActiveCfg = Debug|x86
		{82D5865F-2116-471F-AFEC-1E3871BD9D6E}.Debug|ARM.ActiveCfg = Debug|ARM
		{82D5865F-2116-471F-AFEC-1E3871BD9D6E}.Debug|ARM.Build.0 = Debug|ARM
		{82D5865F-2116-471F-AFEC-1E3871BD9D6E}.Debug|ARM.Deploy.0 = Debug|ARM
		{82D5865F-2116-471F-AFEC-1E3871BD9D6E}.Debug|iPhone.ActiveCfg = Debug|x86
		{82D5865F-2116-471F-AFEC-1E3871BD9D6E}.Debug|iPhoneSimulator.ActiveCfg = Debug|x86
		{82D5865F-2116-471F-AFEC-1E3871BD9D6E}.Debug|x64.ActiveCfg = Debug|x64
		{82D5865F-2116-471F-AFEC-1E3871BD9D6E}.Debug|x64.Build.0 = Debug|x64
		{82D5865F-2116-471F-AFEC-1E3871BD9D6E}.Debug|x64.Deploy.0 = Debug|x64
		{82D5865F-2116-471F-AFEC-1E3871BD9D6E}.Debug|x86.ActiveCfg = Debug|x86
		{82D5865F-2116-471F-AFEC-1E3871BD9D6E}.Debug|x86.Build.0 = Debug|x86
		{82D5865F-2116-471F-AFEC-1E3871BD9D6E}.Debug|x86.Deploy.0 = Debug|x86
		{82D5865F-2116-471F-AFEC-1E3871BD9D6E}.Release|Any CPU.ActiveCfg = Release|x86
		{82D5865F-2116-471F-AFEC-1E3871BD9D6E}.Release|ARM.ActiveCfg = Release|ARM
		{82D5865F-2116-471F-AFEC-1E3871BD9D6E}.Release|ARM.Build.0 = Release|ARM
		{82D5865F-2116-471F-AFEC-1E3871BD9D6E}.Release|ARM.Deploy.0 = Release|ARM
		{82D5865F-2116-471F-AFEC-1E3871BD9D6E}.Release|iPhone.ActiveCfg = Release|x86
		{82D5865F-2116-471F-AFEC-1E3871BD9D6E}.Release|iPhoneSimulator.ActiveCfg = Release|x86
		{82D5865F-2116-471F-AFEC-1E3871BD9D6E}.Release|x64.ActiveCfg = Release|x64
		{82D5865F-2116-471F-AFEC-1E3871BD9D6E}.Release|x64.Build.0 = Release|x64
		{82D5865F-2116-471F-AFEC-1E3871BD9D6E}.Release|x64.Deploy.0 = Release|x64
		{82D5865F-2116-471F-AFEC-1E3871BD9D6E}.Release|x86.ActiveCfg = Release|x86
		{82D5865F-2116-471F-AFEC-1E3871BD9D6E}.Release|x86.Build.0 = Release|x86
		{82D5865F-2116-471F-AFEC-1E3871BD9D6E}.Release|x86.Deploy.0 = Release|x86
	EndGlobalSection
	GlobalSection(SolutionProperties) = preSolution
		HideSolutionNode = FALSE
	EndGlobalSection
EndGlobal
